
Microsoft Visual Studio Solution File, Format Version 12.00
# Visual Studio Version 16
VisualStudioVersion = 16.0.30011.22
MinimumVisualStudioVersion = 10.0.40219.1
Project("{9A19103F-16F7-4668-BE54-9A1E7A4F7556}") = "BelexpLogistikWebApp", "BelexpLogistikWebApp\BelexpLogistikWebApp.csproj", "{BAF6A698-F52A-48D6-8EC6-92ABE48F8E89}"
EndProject
Global
	GlobalSection(SolutionConfigurationPlatforms) = preSolution
		Debug|Any CPU = Debug|Any CPU
		Debug|iPhone = Debug|iPhone
		Debug|iPhoneSimulator = Debug|iPhoneSimulator
		Release|Any CPU = Release|Any CPU
		Release|iPhone = Release|iPhone
		Release|iPhoneSimulator = Release|iPhoneSimulator
	EndGlobalSection
	GlobalSection(ProjectConfigurationPlatforms) = postSolution
		{BAF6A698-F52A-48D6-8EC6-92ABE48F8E89}.Debug|Any CPU.ActiveCfg = Debug|Any CPU
		{BAF6A698-F52A-48D6-8EC6-92ABE48F8E89}.Debug|Any CPU.Build.0 = Debug|Any CPU
		{BAF6A698-F52A-48D6-8EC6-92ABE48F8E89}.Debug|iPhone.ActiveCfg = Debug|Any CPU
		{BAF6A698-F52A-48D6-8EC6-92ABE48F8E89}.Debug|iPhone.Build.0 = Debug|Any CPU
		{BAF6A698-F52A-48D6-8EC6-92ABE48F8E89}.Debug|iPhoneSimulator.ActiveCfg = Debug|Any CPU
		{BAF6A698-F52A-48D6-8EC6-92ABE48F8E89}.Debug|iPhoneSimulator.Build.0 = Debug|Any CPU
		{BAF6A698-F52A-48D6-8EC6-92ABE48F8E89}.Release|Any CPU.ActiveCfg = Release|Any CPU
		{BAF6A698-F52A-48D6-8EC6-92ABE48F8E89}.Release|Any CPU.Build.0 = Release|Any CPU
		{BAF6A698-F52A-48D6-8EC6-92ABE48F8E89}.Release|iPhone.ActiveCfg = Release|Any CPU
		{BAF6A698-F52A-48D6-8EC6-92ABE48F8E89}.Release|iPhone.Build.0 = Release|Any CPU
		{BAF6A698-F52A-48D6-8EC6-92ABE48F8E89}.Release|iPhoneSimulator.ActiveCfg = Release|Any CPU
		{BAF6A698-F52A-48D6-8EC6-92ABE48F8E89}.Release|iPhoneSimulator.Build.0 = Release|Any CPU
	EndGlobalSection
	GlobalSection(SolutionProperties) = preSolution
		HideSolutionNode = FALSE
	EndGlobalSection
	GlobalSection(ExtensibilityGlobals) = postSolution
		SolutionGuid = {953FCA83-5ED5-4088-9973-A85723E8ABE6}
	EndGlobalSection
EndGlobal
